lockfileVersion: '9.0'

settings:
  autoInstallPeers: true
  excludeLinksFromLockfile: false

importers:

  .:
    dependencies:
      '@crowsi/browser-security':
        specifier: file:../../../../../../../.artifacts/npm/84e72b71616d5f5507518e09129c26546851cad3045f14e7034f32cb5fb89581/crowsi-browser-security-0.10.0.tgz
        version: file:../../../../../../../.artifacts/npm/84e72b71616d5f5507518e09129c26546851cad3045f14e7034f32cb5fb89581/crowsi-browser-security-0.10.0.tgz
      '@crowsi/transport-foundation':
        specifier: file:../../../../../../../.artifacts/npm/1b5ec6b8afacdc64987d8d2c4bb88a9c42e3a88e928c05dce97480d0a24e83d6/crowsi-transport-foundation-0.10.0.tgz
        version: file:../../../../../../../.artifacts/npm/1b5ec6b8afacdc64987d8d2c4bb88a9c42e3a88e928c05dce97480d0a24e83d6/crowsi-transport-foundation-0.10.0.tgz
      '@hathq/delivery-client':
        specifier: file:../../../../../../../.artifacts/npm/40d25e933ca5d2450c51a12f069742aba72ed873a69d1753f590adc8f3e9033a/hathq-delivery-client-0.10.0.tgz
        version: file:../../../../../../../.artifacts/npm/40d25e933ca5d2450c51a12f069742aba72ed873a69d1753f590adc8f3e9033a/hathq-delivery-client-0.10.0.tgz
      '@hathq/delivery-contracts':
        specifier: file:../../../../../../../.artifacts/npm/d3e601ba35459a8c6e88812a18f02846a3504582625179ba48d51760b45b82cb/hathq-delivery-contracts-0.10.0.tgz
        version: file:../../../../../../../.artifacts/npm/d3e601ba35459a8c6e88812a18f02846a3504582625179ba48d51760b45b82cb/hathq-delivery-contracts-0.10.0.tgz
      '@hathq/delivery-server':
        specifier: file:../../../../../../../.artifacts/npm/6a4c339e0195038ef6857d5b04f2357c676a4eafbeb259c601d0e43b7cd75a9a/hathq-delivery-server-0.10.0.tgz
        version: file:../../../../../../../.artifacts/npm/6a4c339e0195038ef6857d5b04f2357c676a4eafbeb259c601d0e43b7cd75a9a/hathq-delivery-server-0.10.0.tgz
      '@hathq/dom-renderer':
        specifier: file:../../../../../../../.artifacts/npm/27afd781fe75ac2e520c49ca434af08444f6aed01f9bd24a17a5891d7b125cff/hathq-dom-renderer-0.10.0.tgz
        version: file:../../../../../../../.artifacts/npm/27afd781fe75ac2e520c49ca434af08444f6aed01f9bd24a17a5891d7b125cff/hathq-dom-renderer-0.10.0.tgz
      '@hathq/ihat-store-core':
        specifier: file:../../../../../../../.artifacts/npm/c2348172aec62db7bba5463a22a90f98a5332a74645205be308e8cb7e282d344/hathq-ihat-store-core-0.10.0.tgz
        version: file:../../../../../../../.artifacts/npm/c2348172aec62db7bba5463a22a90f98a5332a74645205be308e8cb7e282d344/hathq-ihat-store-core-0.10.0.tgz
      '@hathq/ihat-store-scenes':
        specifier: file:../../../../../../../.artifacts/npm/94a6dcbe71385ce3bfeea26b3f1f1f410acb2c9355b3a3afcd3432d63de997ec/hathq-ihat-store-scenes-0.10.0.tgz
        version: file:../../../../../../../.artifacts/npm/94a6dcbe71385ce3bfeea26b3f1f1f410acb2c9355b3a3afcd3432d63de997ec/hathq-ihat-store-scenes-0.10.0.tgz
      '@hathq/ihat-store-source':
        specifier: file:../../../../../../../.artifacts/npm/fe2fa895e5830ebd417c57567f5b4b36b39da5950863a040564d4a57711757a8/hathq-ihat-store-source-0.10.0.tgz
        version: file:../../../../../../../.artifacts/npm/fe2fa895e5830ebd417c57567f5b4b36b39da5950863a040564d4a57711757a8/hathq-ihat-store-source-0.10.0.tgz
      '@hathq/projection-client':
        specifier: file:../../../../../../../.artifacts/npm/873337c02064be02c18448bf0fb294aec7b4a8642a23f762106af6368329fbf7/hathq-projection-client-0.10.0.tgz
        version: file:../../../../../../../.artifacts/npm/873337c02064be02c18448bf0fb294aec7b4a8642a23f762106af6368329fbf7/hathq-projection-client-0.10.0.tgz
      '@hathq/projection-contracts':
        specifier: file:../../../../../../../.artifacts/npm/cf89d5f46ee58a29c7a4d502eeee4435dbb95f33e1f48a93d6aeab5e0a22f852/hathq-projection-contracts-0.10.0.tgz
        version: file:../../../../../../../.artifacts/npm/cf89d5f46ee58a29c7a4d502eeee4435dbb95f33e1f48a93d6aeab5e0a22f852/hathq-projection-contracts-0.10.0.tgz
      '@hathq/projection-runtime':
        specifier: file:../../../../../../../.artifacts/npm/47faec2541e8ca615d70e4cf9ad5e35d937c52e5be9cbb2e88ab130d2ab9d937/hathq-projection-runtime-0.10.0.tgz
        version: file:../../../../../../../.artifacts/npm/47faec2541e8ca615d70e4cf9ad5e35d937c52e5be9cbb2e88ab130d2ab9d937/hathq-projection-runtime-0.10.0.tgz
      '@zixcel/interaction':
        specifier: file:../../../../../../../.artifacts/npm/1c2d6e15a4212e2459887589f3e79781a9902f0ebbf44f12dc76bd75e82efa66/zixcel-interaction-0.10.0.tgz
        version: file:../../../../../../../.artifacts/npm/1c2d6e15a4212e2459887589f3e79781a9902f0ebbf44f12dc76bd75e82efa66/zixcel-interaction-0.10.0.tgz
    devDependencies:
      '@playwright/test':
        specifier: 1.62.1
        version: 1.62.1
      esbuild:
        specifier: 0.28.1
        version: 0.28.1

packages:

  '@crowsi/browser-security@file:../../../../../../../.artifacts/npm/84e72b71616d5f5507518e09129c26546851cad3045f14e7034f32cb5fb89581/crowsi-browser-security-0.10.0.tgz':
    resolution: {integrity: sha512-UJSZA6fBr8h92d0Af1ygNM0Ntb57SIlzozOD3LMpR2Lk+dWiP1qnOI+UjrgdnLPVG2Wbvcn+SBoECXEMB+gk8g==, tarball: file:../../../../../../../.artifacts/npm/84e72b71616d5f5507518e09129c26546851cad3045f14e7034f32cb5fb89581/crowsi-browser-security-0.10.0.tgz}
    version: 0.10.0
    engines: {node: '>=22'}

  '@crowsi/transport-foundation@file:../../../../../../../.artifacts/npm/1b5ec6b8afacdc64987d8d2c4bb88a9c42e3a88e928c05dce97480d0a24e83d6/crowsi-transport-foundation-0.10.0.tgz':
    resolution: {integrity: sha512-jqqHGuiOQf1cZW9EW0fzMCX8K0+wr6zMj4x+3L0zIe8nhJvQGBfUlPTc1uTerK8m20yAuWK+TAdUsThD6oWs5w==, tarball: file:../../../../../../../.artifacts/npm/1b5ec6b8afacdc64987d8d2c4bb88a9c42e3a88e928c05dce97480d0a24e83d6/crowsi-transport-foundation-0.10.0.tgz}
    version: 0.10.0
    engines: {node: '>=22'}

  '@crowsi/transport-foundation@file:../../../../../../../.artifacts/npm/732fd4b4eaef9a553f318335402aa5f5803b92e032f7037e7c9aeb556ef35d71/crowsi-transport-foundation-0.10.0.tgz':
    resolution: {integrity: sha512-2BD9mgRtIiDuDuCtJ+6nzLJ8NTyMtqFB2FIIQB/12ebrBijHPwNkkIoD0FtoAybp5d5l4BPlgSfdkObovYgDVw==, tarball: file:../../../../../../../.artifacts/npm/732fd4b4eaef9a553f318335402aa5f5803b92e032f7037e7c9aeb556ef35d71/crowsi-transport-foundation-0.10.0.tgz}
    version: 0.10.0
    engines: {node: '>=22'}

  '@esbuild/aix-ppc64@0.28.1':
    resolution: {integrity: sha512-Svl7tq8k/08+p6CXPpRjQ1fKX+1odH/BQbb48fV6fj3CWHhsoIOoY87w1oHXm0qEpkIK3ZfVgp0hed3XBXzXMQ==}
    engines: {node: '>=18'}
    cpu: [ppc64]
    os: [aix]

  '@esbuild/android-arm64@0.28.1':
    resolution: {integrity: sha512-34EGEbCIAgosYz6goLcopX6Mo7NyGv9tfwEM2/7Ce2VcVRk568iSvniGWcUXIy7wEDR1wzolcxcriFVrWYcwBg==}
    engines: {node: '>=18'}
    cpu: [arm64]
    os: [android]

  '@esbuild/android-arm@0.28.1':
    resolution: {integrity: sha512-0k2F129Xdio1TdJfzJ8sy1Q47vUD2NnwdhiAf7drUN1EBTfPf4hsFCtmMgu/6m8JSzsBrlmVjudMBQqOfG8usQ==}
    engines: {node: '>=18'}
    cpu: [arm]
    os: [android]

  '@esbuild/android-x64@0.28.1':
    resolution: {integrity: sha512-dbwY7ltSMDWsRatcRpCnES4F+im88OCUgGZjy52shC7GqHRE/cYlxNbB4Z4UpJswpcc4Qxd2oE/ufM0p61IKng==}
    engines: {node: '>=18'}
    cpu: [x64]
    os: [android]

  '@esbuild/darwin-arm64@0.28.1':
    resolution: {integrity: sha512-TZbWkQY7kvTAXbXUT7uVACR5cMHsDiSz9z7ZKAX/RTq/WJEk3QyRr0wZpNhBDX+/0CtdqUIJlOiodQcta6tY3Q==}
    engines: {node: '>=18'}
    cpu: [arm64]
    os: [darwin]

  '@esbuild/darwin-x64@0.28.1':
    resolution: {integrity: sha512-zfdzgK9ACBNZLI/CyHTOx81SyNbM6YXn7rxSgX97VjyiPl9W1i4Ka4fgKECEoFCKGpvBj5qArWIGgQjOwkgskQ==}
    engines: {node: '>=18'}
    cpu: [x64]
    os: [darwin]

  '@esbuild/freebsd-arm64@0.28.1':
    resolution: {integrity: sha512-wG2EA8ENdEI0qhkSZMjfqrdY+ziCYCPMmtZjjIwOmXFjmyzEHn+UUxk5of+SYsjtfs3VpnlC7QLzSI5hY/rOAw==}
    engines: {node: '>=18'}
    cpu: [arm64]
    os: [freebsd]

  '@esbuild/freebsd-x64@0.28.1':
    resolution: {integrity: sha512-i7dZ9vQgnvSCzi/rYCXNgtF/U+eKZNJBzu3eTQbRgHnM7tNSizLOkRFAl3qzVc/Op/u5YkHHa4pf/3DOYHthLQ==}
    engines: {node: '>=18'}
    cpu: [x64]
    os: [freebsd]

  '@esbuild/linux-arm64@0.28.1':
    resolution: {integrity: sha512-yHs+0uc8+nvEAfAfxrWQKK5peSNzBc4PegcMO0EJ2hT71uA7vB8Ihg2e77R2P7SG5uYjPbHlLLmve4LLLRCf0g==}
    engines: {node: '>=18'}
    cpu: [arm64]
    os: [linux]

  '@esbuild/linux-arm@0.28.1':
    resolution: {integrity: sha512-qVXBOHQS+d5Y722GwJzJUtOLlX7km3CraOaGormF1pDtPd2C/l1SHRPgjLunLGe51Sh5YYWKMFDyV4SxgMQYTQ==}
    engines: {node: '>=18'}
    cpu: [arm]
    os: [linux]

  '@esbuild/linux-ia32@0.28.1':
    resolution: {integrity: sha512-d1z4ZuP0ajrfz/FhGT4vv278rX8KnPPJx8i5+AtK7TYbx9Le9F1hyzurZpkEyjkGa9dUGhQow4C1NmeGvqxN2w==}
    engines: {node: '>=18'}
    cpu: [ia32]
    os: [linux]

  '@esbuild/linux-loong64@0.28.1':
    resolution: {integrity: sha512-M5sRjUVZrkm1OAPR3dlOYzNmN+loZKGVi1VUQGrwuqLcbR6qeAz+famMhjASeH3YVKvZz+zT1jlh/keC3Rj/lg==}
    engines: {node: '>=18'}
    cpu: [loong64]
    os: [linux]

  '@esbuild/linux-mips64el@0.28.1':
    resolution: {integrity: sha512-mRObBZeHh2OxcBFPWE/FjylkRgZdYuiTR3vaTozquCGOH14iP9oN4x4Ge81CoIDYQrXmIxpFumJBu5MtZpnQJQ==}
    engines: {node: '>=18'}
    cpu: [mips64el]
    os: [linux]

  '@esbuild/linux-ppc64@0.28.1':
    resolution: {integrity: sha512-slScBsMAb3GFDcdrCgLwZtPYRoH2H/youv10QiZyRjmsP48fznoveWytSgCI/R0ZcUgpc0ZhIUEx6LHts8yrfQ==}
    engines: {node: '>=18'}
    cpu: [ppc64]
    os: [linux]

  '@esbuild/linux-riscv64@0.28.1':
    resolution: {integrity: sha512-kw0owk1o0GFETUJyW0jc0G4Yzs0BHZn0JDZ8JRT088vjJYX777BAs1fDGxAC+q831qOs2DTC96mNsG2opdfyyQ==}
    engines: {node: '>=18'}
    cpu: [riscv64]
    os: [linux]

  '@esbuild/linux-s390x@0.28.1':
    resolution: {integrity: sha512-/lAIjX8aYFRByhh6L5rYtPEDRqa9de/4V/juOXcta5frjvzXO4/sqEtyytse0g3zZFuWu5cDN0MkLz2qRDD2Ag==}
    engines: {node: '>=18'}
    cpu: [s390x]
    os: [linux]

  '@esbuild/linux-x64@0.28.1':
    resolution: {integrity: sha512-u/anNYF2mmVOEDwLtnQ1wOr3EZ9sTNGLWrsYGYwHWzGA3Si84IOkHXlbWTD1NB+9/1lcnweYKO54uhxZydNzfA==}
    engines: {node: '>=18'}
    cpu: [x64]
    os: [linux]

  '@esbuild/netbsd-arm64@0.28.1':
    resolution: {integrity: sha512-oks0DYbLwWMmaakTsCb+zL4E+aHRVLom9IJZOAthMQEPiQmydXHkziYEsGYRx0uNV/IjEKGAV941JzH02pflqw==}
    engines: {node: '>=18'}
    cpu: [arm64]
    os: [netbsd]

  '@esbuild/netbsd-x64@0.28.1':
    resolution: {integrity: sha512-aeL6lAnN89Hz43Mlh1G8ARasbuoYvSITDEx0tHh5b7jJnHcssqgjy9Yx430GDpmCa6OyrKoS0aNRjKundRizGg==}
    engines: {node: '>=18'}
    cpu: [x64]
    os: [netbsd]

  '@esbuild/openbsd-arm64@0.28.1':
    resolution: {integrity: sha512-MEFJe5C3R8pwXdZ5Y21oo6m7ePiS0d9pWucn99O/wvyJZChoIQKrQDxKrGeW8F5+T0okTHesAmDeiHDTIq0V/Q==}
    engines: {node: '>=18'}
    cpu: [arm64]
    os: [openbsd]

  '@esbuild/openbsd-x64@0.28.1':
    resolution: {integrity: sha512-i/ZLIOafE0Z8cI/XANJAixoJL/uRAoS2xOA3rb0xN+KK0K177cMAsQYkzHtBrtMXAKuAc7HGgcWiZ/sRC1Nxgw==}
    engines: {node: '>=18'}
    cpu: [x64]
    os: [openbsd]

  '@esbuild/openharmony-arm64@0.28.1':
    resolution: {integrity: sha512-ge+Z7EXFNt2BO1oAMsVpiQ8EwndV9i1xXerAeTIK7AtPs3bKFXQM7nlRxDSIUIMeueR1CNXxqztLzdNeReKBJg==}
    engines: {node: '>=18'}
    cpu: [arm64]
    os: [openharmony]

  '@esbuild/sunos-x64@0.28.1':
    resolution: {integrity: sha512-BEjgtECkL3vY+SaSQ6nzVfiALUeFxpawyp8Jmf5PtYhf1Ug40N1h/hxlhts+f1FvSvarEigdxS3BlSMI2PJLcQ==}
    engines: {node: '>=18'}
    cpu: [x64]
    os: [sunos]

  '@esbuild/win32-arm64@0.28.1':
    resolution: {integrity: sha512-lCv9eK/H6ZJWbE7bh2nw54CZ9M2nupBxJcTsdk/QQnWkdSjKGuxmmH8/GWrlT1eMmZfn4dGcCjRte397WqfQXA==}
    engines: {node: '>=18'}
    cpu: [arm64]
    os: [win32]

  '@esbuild/win32-ia32@0.28.1':
    resolution: {integrity: sha512-zvb/mB2bSCoJOpoCBgYKKpX6YM6mJBlBUVUtVj41DlZJVEB6/0CKlRYxP5wWl1C1ILiCoAU5wZZ4q1P3qeS6Eg==}
    engines: {node: '>=18'}
    cpu: [ia32]
    os: [win32]

  '@esbuild/win32-x64@0.28.1':
    resolution: {integrity: sha512-bm4Mowrv+GXMlpWX++EcXw/iLyd1o3+bJkC2DkWXYVvgZCqD/bSj9ctZeAMC3cIxgjRVR2Dufaiu4YPxr5gW1A==}
    engines: {node: '>=18'}
    cpu: [x64]
    os: [win32]

  '@hathq/delivery-client@file:../../../../../../../.artifacts/npm/40d25e933ca5d2450c51a12f069742aba72ed873a69d1753f590adc8f3e9033a/hathq-delivery-client-0.10.0.tgz':
    resolution: {integrity: sha512-pLxgGVeOaMgBlTGVZBBE8Fli6DQEbKq876YJe7x6Uuabc6JOsef7sP/ZhcuCvPa3nRJ0GPaGy9Bwu1mnuohdIQ==, tarball: file:../../../../../../../.artifacts/npm/40d25e933ca5d2450c51a12f069742aba72ed873a69d1753f590adc8f3e9033a/hathq-delivery-client-0.10.0.tgz}
    version: 0.10.0

  '@hathq/delivery-contracts@file:../../../../../../../.artifacts/npm/d3e601ba35459a8c6e88812a18f02846a3504582625179ba48d51760b45b82cb/hathq-delivery-contracts-0.10.0.tgz':
    resolution: {integrity: sha512-UD7udo4EBOXt0QUPcaqrCQouHOlbgMQa9MfXXQ0XRhucEfd//YeOtT02NkHmv2Pap1hSDj/1ca9nodtPvjxGrw==, tarball: file:../../../../../../../.artifacts/npm/d3e601ba35459a8c6e88812a18f02846a3504582625179ba48d51760b45b82cb/hathq-delivery-contracts-0.10.0.tgz}
    version: 0.10.0

  '@hathq/delivery-server@file:../../../../../../../.artifacts/npm/6a4c339e0195038ef6857d5b04f2357c676a4eafbeb259c601d0e43b7cd75a9a/hathq-delivery-server-0.10.0.tgz':
    resolution: {integrity: sha512-aXlX93Qcm67+FjeuE5ysdbkETGR4hddXwZ6jC7+nmJQesGeGzuMJs0mJ6o0NdbWSQBbiY6omRheb0AoPbjLbDQ==, tarball: file:../../../../../../../.artifacts/npm/6a4c339e0195038ef6857d5b04f2357c676a4eafbeb259c601d0e43b7cd75a9a/hathq-delivery-server-0.10.0.tgz}
    version: 0.10.0

  '@hathq/dom-renderer@file:../../../../../../../.artifacts/npm/27afd781fe75ac2e520c49ca434af08444f6aed01f9bd24a17a5891d7b125cff/hathq-dom-renderer-0.10.0.tgz':
    resolution: {integrity: sha512-Z56H8cbBLbDCIoMz0JzWNI68euMJ9eEfFddTpPg1eXN6ZeBVPNRA/4FiMHyPhKvsFDYXf3GYip1us9j3eDU3fQ==, tarball: file:../../../../../../../.artifacts/npm/27afd781fe75ac2e520c49ca434af08444f6aed01f9bd24a17a5891d7b125cff/hathq-dom-renderer-0.10.0.tgz}
    version: 0.10.0

  '@hathq/ihat-store-core@file:../../../../../../../.artifacts/npm/c2348172aec62db7bba5463a22a90f98a5332a74645205be308e8cb7e282d344/hathq-ihat-store-core-0.10.0.tgz':
    resolution: {integrity: sha512-DLh6xi2MjeJFP6AbEPOXjZGtOuIJp+/fWHp5sbtmDK6kg4sf0Y4EX8CLjoS7wPnMcfXf9Sl+tP12GHuHs89zpw==, tarball: file:../../../../../../../.artifacts/npm/c2348172aec62db7bba5463a22a90f98a5332a74645205be308e8cb7e282d344/hathq-ihat-store-core-0.10.0.tgz}
    version: 0.10.0

  '@hathq/ihat-store-scenes@file:../../../../../../../.artifacts/npm/94a6dcbe71385ce3bfeea26b3f1f1f410acb2c9355b3a3afcd3432d63de997ec/hathq-ihat-store-scenes-0.10.0.tgz':
    resolution: {integrity: sha512-Q5YD/M0EDygmF7Ck6R99GycNuJYHhnSDc5ndU5Y+hjkCS+xJFHXbW5FYE/RcJXZ3NkGOhyTOukOIzgqMt17QAg==, tarball: file:../../../../../../../.artifacts/npm/94a6dcbe71385ce3bfeea26b3f1f1f410acb2c9355b3a3afcd3432d63de997ec/hathq-ihat-store-scenes-0.10.0.tgz}
    version: 0.10.0

  '@hathq/ihat-store-source@file:../../../../../../../.artifacts/npm/fe2fa895e5830ebd417c57567f5b4b36b39da5950863a040564d4a57711757a8/hathq-ihat-store-source-0.10.0.tgz':
    resolution: {integrity: sha512-nCweb4HritHHJ58FqPJIhSKeyV3I40Z94qHo2hHv3DSZ5U+ev/5gMDAEFUoJZETkmCqCp3bkLl4Q5aOkTUwaKg==, tarball: file:../../../../../../../.artifacts/npm/fe2fa895e5830ebd417c57567f5b4b36b39da5950863a040564d4a57711757a8/hathq-ihat-store-source-0.10.0.tgz}
    version: 0.10.0

  '@hathq/projection-client@file:../../../../../../../.artifacts/npm/873337c02064be02c18448bf0fb294aec7b4a8642a23f762106af6368329fbf7/hathq-projection-client-0.10.0.tgz':
    resolution: {integrity: sha512-SbkCNIcD9lxeGuAEYYFe6wNyp0iorlxe/4QM3Qcr5AM8JDTWE2sm+41fTtBvjmh2Geiezq5qhFTGym+2lUDOtA==, tarball: file:../../../../../../../.artifacts/npm/873337c02064be02c18448bf0fb294aec7b4a8642a23f762106af6368329fbf7/hathq-projection-client-0.10.0.tgz}
    version: 0.10.0

  '@hathq/projection-contracts@file:../../../../../../../.artifacts/npm/146f42cb5ee9ee48f13ec79c2216bcf90a1d45b1d3ae66d0549074a55f7c2c97/hathq-projection-contracts-0.10.0.tgz':
    resolution: {integrity: sha512-lj1r85aJAWguq3hDNx9ComCHZPuZcPYrQvt8M1DV5dfQt6cDApFZ9b037/f+yCL3I/BhncsyNC2qfAhrGrAdmQ==, tarball: file:../../../../../../../.artifacts/npm/146f42cb5ee9ee48f13ec79c2216bcf90a1d45b1d3ae66d0549074a55f7c2c97/hathq-projection-contracts-0.10.0.tgz}
    version: 0.10.0
    engines: {node: '>=22'}

  '@hathq/projection-contracts@file:../../../../../../../.artifacts/npm/cf89d5f46ee58a29c7a4d502eeee4435dbb95f33e1f48a93d6aeab5e0a22f852/hathq-projection-contracts-0.10.0.tgz':
    resolution: {integrity: sha512-Eqp3p0AAR/NLwmAZmL6vhwfxi5K0M8K16pcT+BFHdO/7WSsZcW1CPMRAh4yXOHJmIa3VewYoDraAIkDzgICLuQ==, tarball: file:../../../../../../../.artifacts/npm/cf89d5f46ee58a29c7a4d502eeee4435dbb95f33e1f48a93d6aeab5e0a22f852/hathq-projection-contracts-0.10.0.tgz}
    version: 0.10.0
    engines: {node: '>=22'}

  '@hathq/projection-runtime@file:../../../../../../../.artifacts/npm/47faec2541e8ca615d70e4cf9ad5e35d937c52e5be9cbb2e88ab130d2ab9d937/hathq-projection-runtime-0.10.0.tgz':
    resolution: {integrity: sha512-L4P8Td5QOfAWWUEE2e+IZfBvoXRFsJuS93EP5zyjUTERUw+IOcap4oXI723ZQ8Y5V5bdODmURAR4xd+UmG04+w==, tarball: file:../../../../../../../.artifacts/npm/47faec2541e8ca615d70e4cf9ad5e35d937c52e5be9cbb2e88ab130d2ab9d937/hathq-projection-runtime-0.10.0.tgz}
    version: 0.10.0
    engines: {node: '>=22'}

  '@playwright/test@1.62.1':
    resolution: {integrity: sha512-DTcUc8qii+cpHvtOwggMtBRMjKZHXYWdw8syRYu2vtzuq4Wxphqq4NfCs5Zt44L6mA8rfDfj+PHnxFc/FeK6mQ==}
    engines: {node: '>=20'}
    hasBin: true

  '@zixcel/interaction@file:../../../../../../../.artifacts/npm/1c2d6e15a4212e2459887589f3e79781a9902f0ebbf44f12dc76bd75e82efa66/zixcel-interaction-0.10.0.tgz':
    resolution: {integrity: sha512-3XOHU/VPEGosjHRfEC1DMta6P8s3w6NTum1dzWzOfn2aCK6GoKWzZtjQLWer/YyxwroBZh6vLWVgrDFsk2fEMA==, tarball: file:../../../../../../../.artifacts/npm/1c2d6e15a4212e2459887589f3e79781a9902f0ebbf44f12dc76bd75e82efa66/zixcel-interaction-0.10.0.tgz}
    version: 0.10.0

  esbuild@0.28.1:
    resolution: {integrity: sha512-HrJrvZv5ayxBzPfwphOoNzkzOIIlifzk0KJrGK2c8R4+LKpMtpYLQeUdjnwjWv/LZlkH2laZk+4w78pi99D4Vw==}
    engines: {node: '>=18'}
    hasBin: true

  fsevents@2.3.2:
    resolution: {integrity: sha512-xiqMQR4xAeHTuB9uWm+fFRcIOgKBMiOBP+eXiyT7jsgVCq1bkVygt00oASowB7EdtpOHaaPgKt812P9ab+DDKA==}
    engines: {node: ^8.16.0 || ^10.6.0 || >=11.0.0}
    os: [darwin]

  ohash@2.0.11:
    resolution: {integrity: sha512-RdR9FQrFwNBNXAr4GixM8YaRZRJ5PUWbKYbE5eOsrwAjJW0q2REGcf79oYPsLyskQCZG1PLN+S/K1V00joZAoQ==}

  playwright-core@1.62.1:
    resolution: {integrity: sha512-wPYSwEBJY9GHraISXqyqtx0na0LpO3XEX7jNDhntbex7tzUS7kLnZsOlFruFJB4Hi/rhDMjXGqHewDZ68nYZVw==}
    engines: {node: '>=20'}
    hasBin: true

  playwright@1.62.1:
    resolution: {integrity: sha512-0M+L3LAD8/nm554LOla9Ayx0j0tmFZ0FBcoQ7F1VuVHpM/XpiC8RcDzBQB8W5+hA8L22THxELzeF+2WcUzvcLg==}
    engines: {node: '>=20'}
    hasBin: true

  three@0.186.0:
    resolution: {integrity: sha512-cr/fIM2ddMSVbYVgkfD4jLJv7Fh/8ZTjvo+7gQeSVGUZHxpx9FDwoL5iC7hUz/LiRA8wMbqfnb90xKfm1/HHkQ==}

  ws@8.21.2:
    resolution: {integrity: sha512-54dMVAo4WIe6SKy3vBgN+9bJZqqQ8IMRevAkOLQALhi49qkkQDQfWdAZ8KQlXiEabw88ARXXdUrlvtbKQX+aKw==}
    engines: {node: '>=10.0.0'}
    peerDependencies:
      bufferutil: ^4.0.1
      utf-8-validate: '>=5.0.2'
    peerDependenciesMeta:
      bufferutil:
        optional: true
      utf-8-validate:
        optional: true

snapshots:

  '@crowsi/browser-security@file:../../../../../../../.artifacts/npm/84e72b71616d5f5507518e09129c26546851cad3045f14e7034f32cb5fb89581/crowsi-browser-security-0.10.0.tgz': {}

  '@crowsi/transport-foundation@file:../../../../../../../.artifacts/npm/1b5ec6b8afacdc64987d8d2c4bb88a9c42e3a88e928c05dce97480d0a24e83d6/crowsi-transport-foundation-0.10.0.tgz': {}

  '@crowsi/transport-foundation@file:../../../../../../../.artifacts/npm/732fd4b4eaef9a553f318335402aa5f5803b92e032f7037e7c9aeb556ef35d71/crowsi-transport-foundation-0.10.0.tgz': {}

  '@esbuild/aix-ppc64@0.28.1':
    optional: true

  '@esbuild/android-arm64@0.28.1':
    optional: true

  '@esbuild/android-arm@0.28.1':
    optional: true

  '@esbuild/android-x64@0.28.1':
    optional: true

  '@esbuild/darwin-arm64@0.28.1':
    optional: true

  '@esbuild/darwin-x64@0.28.1':
    optional: true

  '@esbuild/freebsd-arm64@0.28.1':
    optional: true

  '@esbuild/freebsd-x64@0.28.1':
    optional: true

  '@esbuild/linux-arm64@0.28.1':
    optional: true

  '@esbuild/linux-arm@0.28.1':
    optional: true

  '@esbuild/linux-ia32@0.28.1':
    optional: true

  '@esbuild/linux-loong64@0.28.1':
    optional: true

  '@esbuild/linux-mips64el@0.28.1':
    optional: true

  '@esbuild/linux-ppc64@0.28.1':
    optional: true

  '@esbuild/linux-riscv64@0.28.1':
    optional: true

  '@esbuild/linux-s390x@0.28.1':
    optional: true

  '@esbuild/linux-x64@0.28.1':
    optional: true

  '@esbuild/netbsd-arm64@0.28.1':
    optional: true

  '@esbuild/netbsd-x64@0.28.1':
    optional: true

  '@esbuild/openbsd-arm64@0.28.1':
    optional: true

  '@esbuild/openbsd-x64@0.28.1':
    optional: true

  '@esbuild/openharmony-arm64@0.28.1':
    optional: true

  '@esbuild/sunos-x64@0.28.1':
    optional: true

  '@esbuild/win32-arm64@0.28.1':
    optional: true

  '@esbuild/win32-ia32@0.28.1':
    optional: true

  '@esbuild/win32-x64@0.28.1':
    optional: true

  '@hathq/delivery-client@file:../../../../../../../.artifacts/npm/40d25e933ca5d2450c51a12f069742aba72ed873a69d1753f590adc8f3e9033a/hathq-delivery-client-0.10.0.tgz':
    dependencies:
      '@crowsi/transport-foundation': file:../../../../../../../.artifacts/npm/1b5ec6b8afacdc64987d8d2c4bb88a9c42e3a88e928c05dce97480d0a24e83d6/crowsi-transport-foundation-0.10.0.tgz
      '@hathq/delivery-contracts': file:../../../../../../../.artifacts/npm/d3e601ba35459a8c6e88812a18f02846a3504582625179ba48d51760b45b82cb/hathq-delivery-contracts-0.10.0.tgz
      '@hathq/dom-renderer': file:../../../../../../../.artifacts/npm/27afd781fe75ac2e520c49ca434af08444f6aed01f9bd24a17a5891d7b125cff/hathq-dom-renderer-0.10.0.tgz
      '@hathq/projection-client': file:../../../../../../../.artifacts/npm/873337c02064be02c18448bf0fb294aec7b4a8642a23f762106af6368329fbf7/hathq-projection-client-0.10.0.tgz

  '@hathq/delivery-contracts@file:../../../../../../../.artifacts/npm/d3e601ba35459a8c6e88812a18f02846a3504582625179ba48d51760b45b82cb/hathq-delivery-contracts-0.10.0.tgz':
    dependencies:
      '@hathq/projection-contracts': file:../../../../../../../.artifacts/npm/cf89d5f46ee58a29c7a4d502eeee4435dbb95f33e1f48a93d6aeab5e0a22f852/hathq-projection-contracts-0.10.0.tgz
      '@zixcel/interaction': file:../../../../../../../.artifacts/npm/1c2d6e15a4212e2459887589f3e79781a9902f0ebbf44f12dc76bd75e82efa66/zixcel-interaction-0.10.0.tgz

  '@hathq/delivery-server@file:../../../../../../../.artifacts/npm/6a4c339e0195038ef6857d5b04f2357c676a4eafbeb259c601d0e43b7cd75a9a/hathq-delivery-server-0.10.0.tgz':
    dependencies:
      '@crowsi/browser-security': file:../../../../../../../.artifacts/npm/84e72b71616d5f5507518e09129c26546851cad3045f14e7034f32cb5fb89581/crowsi-browser-security-0.10.0.tgz
      '@crowsi/transport-foundation': file:../../../../../../../.artifacts/npm/732fd4b4eaef9a553f318335402aa5f5803b92e032f7037e7c9aeb556ef35d71/crowsi-transport-foundation-0.10.0.tgz
      '@hathq/delivery-contracts': file:../../../../../../../.artifacts/npm/d3e601ba35459a8c6e88812a18f02846a3504582625179ba48d51760b45b82cb/hathq-delivery-contracts-0.10.0.tgz
      ws: 8.21.2
    transitivePeerDependencies:
      - bufferutil
      - utf-8-validate

  '@hathq/dom-renderer@file:../../../../../../../.artifacts/npm/27afd781fe75ac2e520c49ca434af08444f6aed01f9bd24a17a5891d7b125cff/hathq-dom-renderer-0.10.0.tgz':
    dependencies:
      '@zixcel/interaction': file:../../../../../../../.artifacts/npm/1c2d6e15a4212e2459887589f3e79781a9902f0ebbf44f12dc76bd75e82efa66/zixcel-interaction-0.10.0.tgz
      three: 0.186.0

  '@hathq/ihat-store-core@file:../../../../../../../.artifacts/npm/c2348172aec62db7bba5463a22a90f98a5332a74645205be308e8cb7e282d344/hathq-ihat-store-core-0.10.0.tgz': {}

  '@hathq/ihat-store-scenes@file:../../../../../../../.artifacts/npm/94a6dcbe71385ce3bfeea26b3f1f1f410acb2c9355b3a3afcd3432d63de997ec/hathq-ihat-store-scenes-0.10.0.tgz':
    dependencies:
      '@hathq/ihat-store-core': file:../../../../../../../.artifacts/npm/c2348172aec62db7bba5463a22a90f98a5332a74645205be308e8cb7e282d344/hathq-ihat-store-core-0.10.0.tgz
      '@hathq/projection-contracts': file:../../../../../../../.artifacts/npm/146f42cb5ee9ee48f13ec79c2216bcf90a1d45b1d3ae66d0549074a55f7c2c97/hathq-projection-contracts-0.10.0.tgz

  '@hathq/ihat-store-source@file:../../../../../../../.artifacts/npm/fe2fa895e5830ebd417c57567f5b4b36b39da5950863a040564d4a57711757a8/hathq-ihat-store-source-0.10.0.tgz': {}

  '@hathq/projection-client@file:../../../../../../../.artifacts/npm/873337c02064be02c18448bf0fb294aec7b4a8642a23f762106af6368329fbf7/hathq-projection-client-0.10.0.tgz':
    dependencies:
      '@hathq/projection-contracts': file:../../../../../../../.artifacts/npm/cf89d5f46ee58a29c7a4d502eeee4435dbb95f33e1f48a93d6aeab5e0a22f852/hathq-projection-contracts-0.10.0.tgz

  '@hathq/projection-contracts@file:../../../../../../../.artifacts/npm/146f42cb5ee9ee48f13ec79c2216bcf90a1d45b1d3ae66d0549074a55f7c2c97/hathq-projection-contracts-0.10.0.tgz':
    dependencies:
      '@zixcel/interaction': file:../../../../../../../.artifacts/npm/1c2d6e15a4212e2459887589f3e79781a9902f0ebbf44f12dc76bd75e82efa66/zixcel-interaction-0.10.0.tgz
      ohash: 2.0.11

  '@hathq/projection-contracts@file:../../../../../../../.artifacts/npm/cf89d5f46ee58a29c7a4d502eeee4435dbb95f33e1f48a93d6aeab5e0a22f852/hathq-projection-contracts-0.10.0.tgz':
    dependencies:
      '@zixcel/interaction': file:../../../../../../../.artifacts/npm/1c2d6e15a4212e2459887589f3e79781a9902f0ebbf44f12dc76bd75e82efa66/zixcel-interaction-0.10.0.tgz
      ohash: 2.0.11

  '@hathq/projection-runtime@file:../../../../../../../.artifacts/npm/47faec2541e8ca615d70e4cf9ad5e35d937c52e5be9cbb2e88ab130d2ab9d937/hathq-projection-runtime-0.10.0.tgz':
    dependencies:
      '@hathq/projection-contracts': file:../../../../../../../.artifacts/npm/cf89d5f46ee58a29c7a4d502eeee4435dbb95f33e1f48a93d6aeab5e0a22f852/hathq-projection-contracts-0.10.0.tgz

  '@playwright/test@1.62.1':
    dependencies:
      playwright: 1.62.1

  '@zixcel/interaction@file:../../../../../../../.artifacts/npm/1c2d6e15a4212e2459887589f3e79781a9902f0ebbf44f12dc76bd75e82efa66/zixcel-interaction-0.10.0.tgz': {}

  esbuild@0.28.1:
    optionalDependencies:
      '@esbuild/aix-ppc64': 0.28.1
      '@esbuild/android-arm': 0.28.1
      '@esbuild/android-arm64': 0.28.1
      '@esbuild/android-x64': 0.28.1
      '@esbuild/darwin-arm64': 0.28.1
      '@esbuild/darwin-x64': 0.28.1
      '@esbuild/freebsd-arm64': 0.28.1
      '@esbuild/freebsd-x64': 0.28.1
      '@esbuild/linux-arm': 0.28.1
      '@esbuild/linux-arm64': 0.28.1
      '@esbuild/linux-ia32': 0.28.1
      '@esbuild/linux-loong64': 0.28.1
      '@esbuild/linux-mips64el': 0.28.1
      '@esbuild/linux-ppc64': 0.28.1
      '@esbuild/linux-riscv64': 0.28.1
      '@esbuild/linux-s390x': 0.28.1
      '@esbuild/linux-x64': 0.28.1
      '@esbuild/netbsd-arm64': 0.28.1
      '@esbuild/netbsd-x64': 0.28.1
      '@esbuild/openbsd-arm64': 0.28.1
      '@esbuild/openbsd-x64': 0.28.1
      '@esbuild/openharmony-arm64': 0.28.1
      '@esbuild/sunos-x64': 0.28.1
      '@esbuild/win32-arm64': 0.28.1
      '@esbuild/win32-ia32': 0.28.1
      '@esbuild/win32-x64': 0.28.1

  fsevents@2.3.2:
    optional: true

  ohash@2.0.11: {}

  playwright-core@1.62.1: {}

  playwright@1.62.1:
    dependencies:
      playwright-core: 1.62.1
    optionalDependencies:
      fsevents: 2.3.2

  three@0.186.0: {}

  ws@8.21.2: {}
